{
  "requires": true,
  "lockfileVersion": 1,
  "dependencies": {
    "vant-weapp": {
      "version": "0.4.0",
      "resolved": "https://registry.npmjs.org/vant-weapp/-/vant-weapp-0.4.0.tgz",
      "integrity": "sha512-8MEuP9V6v3ZDbaQXZl30BcRr+L6NYRQmARJnE7the29k/tyJ/2PyD8pU7xzQXyUErny5wPuKmmuHEZRN1YrMiw=="
    }
  }
}
